// !$*UTF8*$!
{
	archiveVersion = 1;
	classes = {
	};
	objectVersion = 77;
	objects = {

/* Begin PBXBuildFile section */
		1517138A2FBCAC39000CEFA5 /* Medicine.swift in Sources */ = {isa = PBXBuildFile; fileRef = 151713892FBCAC39000CEFA5 /* Medicine.swift */; };
		1517138C2FBCAC3A000CEFA5 /* MedicineDateParser.swift in Sources */ = {isa = PBXBuildFile; fileRef = 1517138B2FBCAC3A000CEFA5 /* MedicineDateParser.swift */; };
		1517138E2FBCAC3A000CEFA5 /* MedicineStore.swift in Sources */ = {isa = PBXBuildFile; fileRef = 1517138D2FBCAC3A000CEFA5 /* MedicineStore.swift */; };
		151713902FBCAC3B000CEFA5 /* NotificationScheduler.swift in Sources */ = {isa = PBXBuildFile; fileRef = 1517138F2FBCAC3B000CEFA5 /* NotificationScheduler.swift */; };
		151713922FBCAC3B000CEFA5 /* AppNotificationDelegate.swift in Sources */ = {isa = PBXBuildFile; fileRef = 151713912FBCAC3B000CEFA5 /* AppNotificationDelegate.swift */; };
		151713942FBCAC6D000CEFA5 /* TextScannerView.swift in Sources */ = {isa = PBXBuildFile; fileRef = 151713932FBCAC6D000CEFA5 /* TextScannerView.swift */; };
		154CF4932FD19AB400C039FD /* DimensionalButtonStyle.swift in Sources */ = {isa = PBXBuildFile; fileRef = 154CF4922FD19AB400C039FD /* DimensionalButtonStyle.swift */; };
		158402772FC38EB300221BBC /* AlarmNotificationSound.swift in Sources */ = {isa = PBXBuildFile; fileRef = 158402762FC38EB300221BBC /* AlarmNotificationSound.swift */; };
		158402792FC390A500221BBC /* MedicineNotificationRoute.swift in Sources */ = {isa = PBXBuildFile; fileRef = 158402782FC390A500221BBC /* MedicineNotificationRoute.swift */; };
		1584027B2FC407B400221BBC /* ReminderLeadOption.swift in Sources */ = {isa = PBXBuildFile; fileRef = 1584027A2FC407B400221BBC /* ReminderLeadOption.swift */; };
		158402892FC47D5000221BBC /* MedicineNameParser.swift in Sources */ = {isa = PBXBuildFile; fileRef = 158402882FC47D5000221BBC /* MedicineNameParser.swift */; };
		AA0000012FD1000000000001 /* SavedMedicinesView.swift in Sources */ = {isa = PBXBuildFile; fileRef = AA0000022FD1000000000002 /* SavedMedicinesView.swift */; };
/* End PBXBuildFile section */

/* Begin PBXContainerItemProxy section */
		1517136D2FBCA61E000CEFA5 /* PBXContainerItemProxy */ = {
			isa = PBXContainerItemProxy;
			containerPortal = 151713572FBCA61C000CEFA5 /* Project object */;
			proxyType = 1;
			remoteGlobalIDString = 1517135E2FBCA61C000CEFA5;
			remoteInfo = "Medicine Date Alerter";
		};
		151713772FBCA61E000CEFA5 /* PBXContainerItemProxy */ = {
			isa = PBXContainerItemProxy;
			containerPortal = 151713572FBCA61C000CEFA5 /* Project object */;
			proxyType = 1;
			remoteGlobalIDString = 1517135E2FBCA61C000CEFA5;
			remoteInfo = "Medicine Date Alerter";
		};
/* End PBXContainerItemProxy section */

/* Begin PBXFileReference section */
		150AADE23003E63400718DC8 /* Medicine Date Alerter.xctestplan */ = {isa = PBXFileReference; lastKnownFileType = text; path = "Medicine Date Alerter.xctestplan"; sourceTree = "<group>"; };
		1517135F2FBCA61C000CEFA5 /* Medicine Date Alerter.app */ = {isa = PBXFileReference; explicitFileType = wrapper.application; includeInIndex = 0; path = "Medicine Date Alerter.app"; sourceTree = BUILT_PRODUCTS_DIR; };
		1517136C2FBCA61E000CEFA5 /* Medicine Date AlerterTests.xctest */ = {isa = PBXFileReference; explicitFileType = wrapper.cfbundle; includeInIndex = 0; path = "Medicine Date AlerterTests.xctest"; sourceTree = BUILT_PRODUCTS_DIR; };
		151713762FBCA61E000CEFA5 /* Medicine Date AlerterUITests.xctest */ = {isa = PBXFileReference; explicitFileType = wrapper.cfbundle; includeInIndex = 0; path = "Medicine Date AlerterUITests.xctest"; sourceTree = BUILT_PRODUCTS_DIR; };
		151713892FBCAC39000CEFA5 /* Medicine.swift */ = {isa = PBXFileReference; lastKnownFileType = sourcecode.swift; path = Medicine.swift; sourceTree = "<group>"; };
		1517138B2FBCAC3A000CEFA5 /* MedicineDateParser.swift */ = {isa = PBXFileReference; lastKnownFileType = sourcecode.swift; path = MedicineDateParser.swift; sourceTree = "<group>"; };
		1517138D2FBCAC3A000CEFA5 /* MedicineStore.swift */ = {isa = PBXFileReference; lastKnownFileType = sourcecode.swift; path = MedicineStore.swift; sourceTree = "<group>"; };
		1517138F2FBCAC3B000CEFA5 /* NotificationScheduler.swift */ = {isa = PBXFileReference; lastKnownFileType = sourcecode.swift; path = NotificationScheduler.swift; sourceTree = "<group>"; };
		151713912FBCAC3B000CEFA5 /* AppNotificationDelegate.swift */ = {isa = PBXFileReference; lastKnownFileType = sourcecode.swift; path = AppNotificationDelegate.swift; sourceTree = "<group>"; };
		151713932FBCAC6D000CEFA5 /* TextScannerView.swift */ = {isa = PBXFileReference; lastKnownFileType = sourcecode.swift; path = TextScannerView.swift; sourceTree = "<group>"; };
		154CF4922FD19AB400C039FD /* DimensionalButtonStyle.swift */ = {isa = PBXFileReference; lastKnownFileType = sourcecode.swift; path = DimensionalButtonStyle.swift; sourceTree = "<group>"; };
		158402762FC38EB300221BBC /* AlarmNotificationSound.swift */ = {isa = PBXFileReference; lastKnownFileType = sourcecode.swift; path = AlarmNotificationSound.swift; sourceTree = "<group>"; };
		158402782FC390A500221BBC /* MedicineNotificationRoute.swift */ = {isa = PBXFileReference; lastKnownFileType = sourcecode.swift; path = MedicineNotificationRoute.swift; sourceTree = "<group>"; };
		1584027A2FC407B400221BBC /* ReminderLeadOption.swift */ = {isa = PBXFileReference; lastKnownFileType = sourcecode.swift; path = ReminderLeadOption.swift; sourceTree = "<group>"; };
		158402882FC47D5000221BBC /* MedicineNameParser.swift */ = {isa = PBXFileReference; lastKnownFileType = sourcecode.swift; path = MedicineNameParser.swift; sourceTree = "<group>"; };
		AA0000022FD1000000000002 /* SavedMedicinesView.swift */ = {isa = PBXFileReference; lastKnownFileType = sourcecode.swift; path = SavedMedicinesView.swift; sourceTree = "<group>"; };
/* End PBXFileReference section */

/* Begin PBXFileSystemSynchronizedRootGroup section */
		151713612FBCA61C000CEFA5 /* Medicine Date Alerter */ = {
			isa = PBXFileSystemSynchronizedRootGroup;
			path = "Medicine Date Alerter";
			sourceTree = "<group>";
		};
		1517136F2FBCA61E000CEFA5 /* Medicine Date AlerterTests */ = {
			isa = PBXFileSystemSynchronizedRootGroup;
			path = "Medicine Date AlerterTests";
			sourceTree = "<group>";
		};
		151713792FBCA61E000CEFA5 /* Medicine Date AlerterUITests */ = {
			isa = PBXFileSystemSynchronizedRootGroup;
			path = "Medicine Date AlerterUITests";
			sourceTree = "<group>";
		};
/* End PBXFileSystemSynchronizedRootGroup section */

/* Begin PBXFrameworksBuildPhase section */
		1517135C2FBCA61C000CEFA5 /* Frameworks */ = {
			isa = PBXFrameworksBuildPhase;
			buildActionMask = 2147483647;
			files = (
			);
			runOnlyForDeploymentPostprocessing = 0;
		};
		151713692FBCA61E000CEFA5 /* Frameworks */ = {
			isa = PBXFrameworksBuildPhase;
			buildActionMask = 2147483647;
			files = (
			);
			runOnlyForDeploymentPostprocessing = 0;
		};
		151713732FBCA61E000CEFA5 /* Frameworks */ = {
			isa = PBXFrameworksBuildPhase;
			buildActionMask = 2147483647;
			files = (
			);
			runOnlyForDeploymentPostprocessing = 0;
		};
/* End PBXFrameworksBuildPhase section */

/* Begin PBXGroup section */
		151713562FBCA61C000CEFA5 = {
			isa = PBXGroup;
			children = (
				150AADE23003E63400718DC8 /* Medicine Date Alerter.xctestplan */,
				151713612FBCA61C000CEFA5 /* Medicine Date Alerter */,
				1517136F2FBCA61E000CEFA5 /* Medicine Date AlerterTests */,
				151713792FBCA61E000CEFA5 /* Medicine Date AlerterUITests */,
				151713602FBCA61C000CEFA5 /* Products */,
				151713892FBCAC39000CEFA5 /* Medicine.swift */,
				1517138B2FBCAC3A000CEFA5 /* MedicineDateParser.swift */,
				1517138D2FBCAC3A000CEFA5 /* MedicineStore.swift */,
				1517138F2FBCAC3B000CEFA5 /* NotificationScheduler.swift */,
				151713912FBCAC3B000CEFA5 /* AppNotificationDelegate.swift */,
				151713932FBCAC6D000CEFA5 /* TextScannerView.swift */,
				158402762FC38EB300221BBC /* AlarmNotificationSound.swift */,
				158402782FC390A500221BBC /* MedicineNotificationRoute.swift */,
				1584027A2FC407B400221BBC /* ReminderLeadOption.swift */,
				158402882FC47D5000221BBC /* MedicineNameParser.swift */,
				154CF4922FD19AB400C039FD /* DimensionalButtonStyle.swift */,
				AA0000022FD1000000000002 /* SavedMedicinesView.swift */,
			);
			sourceTree = "<group>";
		};
		151713602FBCA61C000CEFA5 /* Products */ = {
			isa = PBXGroup;
			children = (
				1517135F2FBCA61C000CEFA5 /* Medicine Date Alerter.app */,
				1517136C2FBCA61E000CEFA5 /* Medicine Date AlerterTests.xctest */,
				151713762FBCA61E000CEFA5 /* Medicine Date AlerterUITests.xctest */,
			);
			name = Products;
			sourceTree = "<group>";
		};
/* End PBXGroup section */

/* Begin PBXNativeTarget section */
		1517135E2FBCA61C000CEFA5 /* Medicine Date Alerter */ = {
			isa = PBXNativeTarget;
			buildConfigurationList = 151713802FBCA61E000CEFA5 /* Build configuration list for PBXNativeTarget "Medicine Date Alerter" */;
			buildPhases = (
				1517135B2FBCA61C000CEFA5 /* Sources */,
				1517135C2FBCA61C000CEFA5 /* Frameworks */,
				1517135D2FBCA61C000CEFA5 /* Resources */,
			);
			buildRules = (
			);
			dependencies = (
			);
			fileSystemSynchronizedGroups = (
				151713612FBCA61C000CEFA5 /* Medicine Date Alerter */,
			);
			name = "Medicine Date Alerter";
			packageProductDependencies = (
			);
			productName = "Medicine Date Alerter";
			productReference = 1517135F2FBCA61C000CEFA5 /* Medicine Date Alerter.app */;
			productType = "com.apple.product-type.application";
		};
		1517136B2FBCA61E000CEFA5 /* Medicine Date AlerterTests */ = {
			isa = PBXNativeTarget;
			buildConfigurationList = 151713832FBCA61E000CEFA5 /* Build configuration list for PBXNativeTarget "Medicine Date AlerterTests" */;
			buildPhases = (
				151713682FBCA61E000CEFA5 /* Sources */,
				151713692FBCA61E000CEFA5 /* Frameworks */,
				1517136A2FBCA61E000CEFA5 /* Resources */,
			);
			buildRules = (
			);
			dependencies = (
				1517136E2FBCA61E000CEFA5 /* PBXTargetDependency */,
			);
			fileSystemSynchronizedGroups = (
				1517136F2FBCA61E000CEFA5 /* Medicine Date AlerterTests */,
			);
			name = "Medicine Date AlerterTests";
			packageProductDependencies = (
			);
			productName = "Medicine Date AlerterTests";
			productReference = 1517136C2FBCA61E000CEFA5 /* Medicine Date AlerterTests.xctest */;
			productType = "com.apple.product-type.bundle.unit-test";
		};
		151713752FBCA61E000CEFA5 /* Medicine Date AlerterUITests */ = {
			isa = PBXNativeTarget;
			buildConfigurationList = 151713862FBCA61E000CEFA5 /* Build configuration list for PBXNativeTarget "Medicine Date AlerterUITests" */;
			buildPhases = (
				151713722FBCA61E000CEFA5 /* Sources */,
				151713732FBCA61E000CEFA5 /* Frameworks */,
				151713742FBCA61E000CEFA5 /* Resources */,
			);
			buildRules = (
			);
			dependencies = (
				151713782FBCA61E000CEFA5 /* PBXTargetDependency */,
			);
			fileSystemSynchronizedGroups = (
				151713792FBCA61E000CEFA5 /* Medicine Date AlerterUITests */,
			);
			name = "Medicine Date AlerterUITests";
			packageProductDependencies = (
			);
			productName = "Medicine Date AlerterUITests";
			productReference = 151713762FBCA61E000CEFA5 /* Medicine Date AlerterUITests.xctest */;
			productType = "com.apple.product-type.bundle.ui-testing";
		};
/* End PBXNativeTarget section */

/* Begin PBXProject section */
		151713572FBCA61C000CEFA5 /* Project object */ = {
			isa = PBXProject;
			attributes = {
				BuildIndependentTargetsInParallel = 1;
				LastSwiftUpdateCheck = 2650;
				LastUpgradeCheck = 2660;
				TargetAttributes = {
					1517135E2FBCA61C000CEFA5 = {
						CreatedOnToolsVersion = 26.5;
					};
					1517136B2FBCA61E000CEFA5 = {
						CreatedOnToolsVersion = 26.5;
						TestTargetID = 1517135E2FBCA61C000CEFA5;
					};
					151713752FBCA61E000CEFA5 = {
						CreatedOnToolsVersion = 26.5;
						TestTargetID = 1517135E2FBCA61C000CEFA5;
					};
				};
			};
			buildConfigurationList = 1517135A2FBCA61C000CEFA5 /* Build configuration list for PBXProject "Medicine Date Alerter" */;
			developmentRegion = en;
			hasScannedForEncodings = 0;
			knownRegions = (
				en,
				Base,
			);
			mainGroup = 151713562FBCA61C000CEFA5;
			minimizedProjectReferenceProxies = 1;
			preferredProjectObjectVersion = 77;
			productRefGroup = 151713602FBCA61C000CEFA5 /* Products */;
			projectDirPath = "";
			projectRoot = "";
			targets = (
				1517135E2FBCA61C000CEFA5 /* Medicine Date Alerter */,
				1517136B2FBCA61E000CEFA5 /* Medicine Date AlerterTests */,
				151713752FBCA61E000CEFA5 /* Medicine Date AlerterUITests */,
			);
		};
/* End PBXProject section */

/* Begin PBXResourcesBuildPhase section */
		1517135D2FBCA61C000CEFA5 /* Resources */ = {
			isa = PBXResourcesBuildPhase;
			buildActionMask = 2147483647;
			files = (
			);
			runOnlyForDeploymentPostprocessing = 0;
		};
		1517136A2FBCA61E000CEFA5 /* Resources */ = {
			isa = PBXResourcesBuildPhase;
			buildActionMask = 2147483647;
			files = (
			);
			runOnlyForDeploymentPostprocessing = 0;
		};
		151713742FBCA61E000CEFA5 /* Resources */ = {
			isa = PBXResourcesBuildPhase;
			buildActionMask = 2147483647;
			files = (
			);
			runOnlyForDeploymentPostprocessing = 0;
		};
/* End PBXResourcesBuildPhase section */

/* Begin PBXSourcesBuildPhase section */
		1517135B2FBCA61C000CEFA5 /* Sources */ = {
			isa = PBXSourcesBuildPhase;
			buildActionMask = 2147483647;
			files = (
				1517138C2FBCAC3A000CEFA5 /* MedicineDateParser.swift in Sources */,
				158402772FC38EB300221BBC /* AlarmNotificationSound.swift in Sources */,
				154CF4932FD19AB400C039FD /* DimensionalButtonStyle.swift in Sources */,
				151713922FBCAC3B000CEFA5 /* AppNotificationDelegate.swift in Sources */,
				158402892FC47D5000221BBC /* MedicineNameParser.swift in Sources */,
				1584027B2FC407B400221BBC /* ReminderLeadOption.swift in Sources */,
				151713942FBCAC6D000CEFA5 /* TextScannerView.swift in Sources */,
				158402792FC390A500221BBC /* MedicineNotificationRoute.swift in Sources */,
				1517138A2FBCAC39000CEFA5 /* Medicine.swift in Sources */,
				1517138E2FBCAC3A000CEFA5 /* MedicineStore.swift in Sources */,
				151713902FBCAC3B000CEFA5 /* NotificationScheduler.swift in Sources */,
				AA0000012FD1000000000001 /* SavedMedicinesView.swift in Sources */,
			);
			runOnlyForDeploymentPostprocessing = 0;
		};
		151713682FBCA61E000CEFA5 /* Sources */ = {
			isa = PBXSourcesBuildPhase;
			buildActionMask = 2147483647;
			files = (
			);
			runOnlyForDeploymentPostprocessing = 0;
		};
		151713722FBCA61E000CEFA5 /* Sources */ = {
			isa = PBXSourcesBuildPhase;
			buildActionMask = 2147483647;
			files = (
			);
			runOnlyForDeploymentPostprocessing = 0;
		};
/* End PBXSourcesBuildPhase section */

/* Begin PBXTargetDependency section */
		1517136E2FBCA61E000CEFA5 /* PBXTargetDependency */ = {
			isa = PBXTargetDependency;
			target = 1517135E2FBCA61C000CEFA5 /* Medicine Date Alerter */;
			targetProxy = 1517136D2FBCA61E000CEFA5 /* PBXContainerItemProxy */;
		};
		151713782FBCA61E000CEFA5 /* PBXTargetDependency */ = {
			isa = PBXTargetDependency;
			target = 1517135E2FBCA61C000CEFA5 /* Medicine Date Alerter */;
			targetProxy = 151713772FBCA61E000CEFA5 /* PBXContainerItemProxy */;
		};
/* End PBXTargetDependency section */

/* Begin XCBuildConfiguration section */
		1517137E2FBCA61E000CEFA5 /* Debug */ = {
			isa = XCBuildConfiguration;
			buildSettings = {
				ALWAYS_SEARCH_USER_PATHS = NO;
				ASSETCATALOG_COMPILER_GENERATE_SWIFT_ASSET_SYMBOL_EXTENSIONS = YES;
				CLANG_ANALYZER_NONNULL = YES;
				CLANG_ANALYZER_NUMBER_OBJECT_CONVERSION = YES_AGGRESSIVE;
				CLANG_CXX_LANGUAGE_STANDARD = "gnu++20";
				CLANG_ENABLE_MODULES = YES;
				CLANG_ENABLE_OBJC_ARC = YES;
				CLANG_ENABLE_OBJC_WEAK = YES;
				CLANG_WARN_BLOCK_CAPTURE_AUTORELEASING = YES;
				CLANG_WARN_BOOL_CONVERSION = YES;
				CLANG_WARN_COMMA = YES;
				CLANG_WARN_CONSTANT_CONVERSION = YES;
				CLANG_WARN_DEPRECATED_OBJC_IMPLEMENTATIONS = YES;
				CLANG_WARN_DIRECT_OBJC_ISA_USAGE = YES_ERROR;
				CLANG_WARN_DOCUMENTATION_COMMENTS = YES;
				CLANG_WARN_EMPTY_BODY = YES;
				CLANG_WARN_ENUM_CONVERSION = YES;
				CLANG_WARN_INFINITE_RECURSION = YES;
				CLANG_WARN_INT_CONVERSION = YES;
				CLANG_WARN_NON_LITERAL_NULL_CONVERSION = YES;
				CLANG_WARN_OBJC_IMPLICIT_RETAIN_SELF = YES;
				CLANG_WARN_OBJC_LITERAL_CONVERSION = YES;
				CLANG_WARN_OBJC_ROOT_CLASS = YES_ERROR;
				CLANG_WARN_QUOTED_INCLUDE_IN_FRAMEWORK_HEADER = YES;
				CLANG_WARN_RANGE_LOOP_ANALYSIS = YES;
				CLANG_WARN_STRICT_PROTOTYPES = YES;
				CLANG_WARN_SUSPICIOUS_MOVE = YES;
				CLANG_WARN_UNGUARDED_AVAILABILITY = YES_AGGRESSIVE;
				CLANG_WARN_UNREACHABLE_CODE = YES;
				CLANG_WARN__DUPLICATE_METHOD_MATCH = YES;
				COPY_PHASE_STRIP = NO;
				DEBUG_INFORMATION_FORMAT = dwarf;
				DEVELOPMENT_TEAM = BPH648379N;
				ENABLE_STRICT_OBJC_MSGSEND = YES;
				ENABLE_TESTABILITY = YES;
				ENABLE_USER_SCRIPT_SANDBOXING = YES;
				GCC_C_LANGUAGE_STANDARD = gnu17;
				GCC_DYNAMIC_NO_PIC = NO;
				GCC_NO_COMMON_BLOCKS = YES;
				GCC_OPTIMIZATION_LEVEL = 0;
				GCC_PREPROCESSOR_DEFINITIONS = (
					"DEBUG=1",
					"$(inherited)",
				);
				GCC_WARN_64_TO_32_BIT_CONVERSION = YES;
				GCC_WARN_ABOUT_RETURN_TYPE = YES_ERROR;
				GCC_WARN_UNDECLARED_SELECTOR = YES;
				GCC_WARN_UNINITIALIZED_AUTOS = YES_AGGRESSIVE;
				GCC_WARN_UNUSED_FUNCTION = YES;
				GCC_WARN_UNUSED_VARIABLE = YES;
				IPHONEOS_DEPLOYMENT_TARGET = 26.5;
				LOCALIZATION_PREFERS_STRING_CATALOGS = YES;
				MTL_ENABLE_DEBUG_INFO = INCLUDE_SOURCE;
				MTL_FAST_MATH = YES;
				ONLY_ACTIVE_ARCH = YES;
				SDKROOT = iphoneos;
				STRING_CATALOG_GENERATE_SYMBOLS = YES;
				SWIFT_ACTIVE_COMPILATION_CONDITIONS = "DEBUG $(inherited)";
				SWIFT_OPTIMIZATION_LEVEL = "-Onone";
			};
			name = Debug;
		};
		1517137F2FBCA61E000CEFA5 /* Release */ = {
			isa = XCBuildConfiguration;
			buildSettings = {
				ALWAYS_SEARCH_USER_PATHS = NO;
				ASSETCATALOG_COMPILER_GENERATE_SWIFT_ASSET_SYMBOL_EXTENSIONS = YES;
				CLANG_ANALYZER_NONNULL = YES;
				CLANG_ANALYZER_NUMBER_OBJECT_CONVERSION = YES_AGGRESSIVE;
				CLANG_CXX_LANGUAGE_STANDARD = "gnu++20";
				CLANG_ENABLE_MODULES = YES;
				CLANG_ENABLE_OBJC_ARC = YES;
				CLANG_ENABLE_OBJC_WEAK = YES;
				CLANG_WARN_BLOCK_CAPTURE_AUTORELEASING = YES;
				CLANG_WARN_BOOL_CONVERSION = YES;
				CLANG_WARN_COMMA = YES;
				CLANG_WARN_CONSTANT_CONVERSION = YES;
				CLANG_WARN_DEPRECATED_OBJC_IMPLEMENTATIONS = YES;
				CLANG_WARN_DIRECT_OBJC_ISA_USAGE = YES_ERROR;
				CLANG_WARN_DOCUMENTATION_COMMENTS = YES;
				CLANG_WARN_EMPTY_BODY = YES;
				CLANG_WARN_ENUM_CONVERSION = YES;
				CLANG_WARN_INFINITE_RECURSION = YES;
				CLANG_WARN_INT_CONVERSION = YES;
				CLANG_WARN_NON_LITERAL_NULL_CONVERSION = YES;
				CLANG_WARN_OBJC_IMPLICIT_RETAIN_SELF = YES;
				CLANG_WARN_OBJC_LITERAL_CONVERSION = YES;
				CLANG_WARN_OBJC_ROOT_CLASS = YES_ERROR;
				CLANG_WARN_QUOTED_INCLUDE_IN_FRAMEWORK_HEADER = YES;
				CLANG_WARN_RANGE_LOOP_ANALYSIS = YES;
				CLANG_WARN_STRICT_PROTOTYPES = YES;
				CLANG_WARN_SUSPICIOUS_MOVE = YES;
				CLANG_WARN_UNGUARDED_AVAILABILITY = YES_AGGRESSIVE;
				CLANG_WARN_UNREACHABLE_CODE = YES;
				CLANG_WARN__DUPLICATE_METHOD_MATCH = YES;
				COPY_PHASE_STRIP = NO;
				DEBUG_INFORMATION_FORMAT = "dwarf-with-dsym";
				DEVELOPMENT_TEAM = BPH648379N;
				ENABLE_NS_ASSERTIONS = NO;
				ENABLE_STRICT_OBJC_MSGSEND = YES;
				ENABLE_USER_SCRIPT_SANDBOXING = YES;
				GCC_C_LANGUAGE_STANDARD = gnu17;
				GCC_NO_COMMON_BLOCKS = YES;
				GCC_WARN_64_TO_32_BIT_CONVERSION = YES;
				GCC_WARN_ABOUT_RETURN_TYPE = YES_ERROR;
				GCC_WARN_UNDECLARED_SELECTOR = YES;
				GCC_WARN_UNINITIALIZED_AUTOS = YES_AGGRESSIVE;
				GCC_WARN_UNUSED_FUNCTION = YES;
				GCC_WARN_UNUSED_VARIABLE = YES;
				IPHONEOS_DEPLOYMENT_TARGET = 26.5;
				LOCALIZATION_PREFERS_STRING_CATALOGS = YES;
				MTL_ENABLE_DEBUG_INFO = NO;
				MTL_FAST_MATH = YES;
				SDKROOT = iphoneos;
				STRING_CATALOG_GENERATE_SYMBOLS = YES;
				SWIFT_COMPILATION_MODE = wholemodule;
				VALIDATE_PRODUCT = YES;
			};
			name = Release;
		};
		151713812FBCA61E000CEFA5 /* Debug */ = {
			isa = XCBuildConfiguration;
			buildSettings = {
				ASSETCATALOG_COMPILER_APPICON_NAME = AppIcon;
				ASSETCATALOG_COMPILER_GLOBAL_ACCENT_COLOR_NAME = AccentColor;
				CODE_SIGN_STYLE = Automatic;
				CURRENT_PROJECT_VERSION = 7;
				ENABLE_PREVIEWS = YES;
				GENERATE_INFOPLIST_FILE = YES;
				INFOPLIST_KEY_CFBundleDisplayName = MedXpiryTracker;
				INFOPLIST_KEY_NSCameraUsageDescription = "Scan medicine labels and dates so you can edit and save expiry reminders.";
				INFOPLIST_KEY_UIApplicationSceneManifest_Generation = YES;
				INFOPLIST_KEY_UIApplicationSupportsIndirectInputEvents = YES;
				INFOPLIST_KEY_UILaunchScreen_Generation = YES;
				INFOPLIST_KEY_UISupportedInterfaceOrientations_iPad = "UIInterfaceOrientationPortrait UIInterfaceOrientationPortraitUpsideDown UIInterfaceOrientationLandscapeLeft UIInterfaceOrientationLandscapeRight";
				INFOPLIST_KEY_UISupportedInterfaceOrientations_iPhone = "UIInterfaceOrientationPortrait UIInterfaceOrientationLandscapeLeft UIInterfaceOrientationLandscapeRight";
				LD_RUNPATH_SEARCH_PATHS = (
					"$(inherited)",
					"@executable_path/Frameworks",
				);
				MARKETING_VERSION = 2.2;
				PRODUCT_BUNDLE_IDENTIFIER = "com.nixutils.Medicine-Date-Alerter";
				PRODUCT_NAME = "$(TARGET_NAME)";
				STRING_CATALOG_GENERATE_SYMBOLS = YES;
				SUPPORTED_PLATFORMS = "iphoneos iphonesimulator";
				SUPPORTS_MACCATALYST = NO;
				SUPPORTS_XR_DESIGNED_FOR_IPHONE_IPAD = NO;
				SWIFT_APPROACHABLE_CONCURRENCY = YES;
				SWIFT_DEFAULT_ACTOR_ISOLATION = MainActor;
				SWIFT_EMIT_LOC_STRINGS = YES;
				SWIFT_UPCOMING_FEATURE_MEMBER_IMPORT_VISIBILITY = YES;
				SWIFT_VERSION = 5.0;
				TARGETED_DEVICE_FAMILY = 1;
			};
			name = Debug;
		};
		151713822FBCA61E000CEFA5 /* Release */ = {
			isa = XCBuildConfiguration;
			buildSettings = {
				ASSETCATALOG_COMPILER_APPICON_NAME = AppIcon;
				ASSETCATALOG_COMPILER_GLOBAL_ACCENT_COLOR_NAME = AccentColor;
				CODE_SIGN_STYLE = Automatic;
				CURRENT_PROJECT_VERSION = 7;
				ENABLE_PREVIEWS = YES;
				GENERATE_INFOPLIST_FILE = YES;
				INFOPLIST_KEY_CFBundleDisplayName = MedXpiryTracker;
				INFOPLIST_KEY_NSCameraUsageDescription = "Scan medicine labels and dates so you can edit and save expiry reminders.";
				INFOPLIST_KEY_UIApplicationSceneManifest_Generation = YES;
				INFOPLIST_KEY_UIApplicationSupportsIndirectInputEvents = YES;
				INFOPLIST_KEY_UILaunchScreen_Generation = YES;
				INFOPLIST_KEY_UISupportedInterfaceOrientations_iPad = "UIInterfaceOrientationPortrait UIInterfaceOrientationPortraitUpsideDown UIInterfaceOrientationLandscapeLeft UIInterfaceOrientationLandscapeRight";
				INFOPLIST_KEY_UISupportedInterfaceOrientations_iPhone = "UIInterfaceOrientationPortrait UIInterfaceOrientationLandscapeLeft UIInterfaceOrientationLandscapeRight";
				LD_RUNPATH_SEARCH_PATHS = (
					"$(inherited)",
					"@executable_path/Frameworks",
				);
				MARKETING_VERSION = 2.2;
				PRODUCT_BUNDLE_IDENTIFIER = "com.nixutils.Medicine-Date-Alerter";
				PRODUCT_NAME = "$(TARGET_NAME)";
				STRING_CATALOG_GENERATE_SYMBOLS = YES;
				SUPPORTED_PLATFORMS = "iphoneos iphonesimulator";
				SUPPORTS_MACCATALYST = NO;
				SUPPORTS_XR_DESIGNED_FOR_IPHONE_IPAD = NO;
				SWIFT_APPROACHABLE_CONCURRENCY = YES;
				SWIFT_DEFAULT_ACTOR_ISOLATION = MainActor;
				SWIFT_EMIT_LOC_STRINGS = YES;
				SWIFT_UPCOMING_FEATURE_MEMBER_IMPORT_VISIBILITY = YES;
				SWIFT_VERSION = 5.0;
				TARGETED_DEVICE_FAMILY = 1;
			};
			name = Release;
		};
		151713842FBCA61E000CEFA5 /* Debug */ = {
			isa = XCBuildConfiguration;
			buildSettings = {
				BUNDLE_LOADER = "$(TEST_HOST)";
				CODE_SIGN_STYLE = Automatic;
				CURRENT_PROJECT_VERSION = 7;
				GENERATE_INFOPLIST_FILE = YES;
				INFOPLIST_KEY_CFBundleDisplayName = PillTracker;
				INFOPLIST_KEY_LSApplicationCategoryType = "";
				IPHONEOS_DEPLOYMENT_TARGET = 26.5;
				MARKETING_VERSION = 2.2;
				PRODUCT_BUNDLE_IDENTIFIER = "com.nixutils.Medicine-Date-AlerterTests";
				PRODUCT_NAME = "$(TARGET_NAME)";
				STRING_CATALOG_GENERATE_SYMBOLS = NO;
				SWIFT_APPROACHABLE_CONCURRENCY = YES;
				SWIFT_EMIT_LOC_STRINGS = NO;
				SWIFT_UPCOMING_FEATURE_MEMBER_IMPORT_VISIBILITY = YES;
				SWIFT_VERSION = 5.0;
				TARGETED_DEVICE_FAMILY = "1,2";
				TEST_HOST = "$(BUILT_PRODUCTS_DIR)/Medicine Date Alerter.app/$(BUNDLE_EXECUTABLE_FOLDER_PATH)/Medicine Date Alerter";
			};
			name = Debug;
		};
		151713852FBCA61E000CEFA5 /* Release */ = {
			isa = XCBuildConfiguration;
			buildSettings = {
				BUNDLE_LOADER = "$(TEST_HOST)";
				CODE_SIGN_STYLE = Automatic;
				CURRENT_PROJECT_VERSION = 7;
				GENERATE_INFOPLIST_FILE = YES;
				INFOPLIST_KEY_CFBundleDisplayName = PillTracker;
				INFOPLIST_KEY_LSApplicationCategoryType = "";
				IPHONEOS_DEPLOYMENT_TARGET = 26.5;
				MARKETING_VERSION = 2.2;
				PRODUCT_BUNDLE_IDENTIFIER = "com.nixutils.Medicine-Date-AlerterTests";
				PRODUCT_NAME = "$(TARGET_NAME)";
				STRING_CATALOG_GENERATE_SYMBOLS = NO;
				SWIFT_APPROACHABLE_CONCURRENCY = YES;
				SWIFT_EMIT_LOC_STRINGS = NO;
				SWIFT_UPCOMING_FEATURE_MEMBER_IMPORT_VISIBILITY = YES;
				SWIFT_VERSION = 5.0;
				TARGETED_DEVICE_FAMILY = "1,2";
				TEST_HOST = "$(BUILT_PRODUCTS_DIR)/Medicine Date Alerter.app/$(BUNDLE_EXECUTABLE_FOLDER_PATH)/Medicine Date Alerter";
			};
			name = Release;
		};
		151713872FBCA61E000CEFA5 /* Debug */ = {
			isa = XCBuildConfiguration;
			buildSettings = {
				"CODE_SIGN_IDENTITY[sdk=macosx*]" = "-";
				CODE_SIGN_STYLE = Automatic;
				CURRENT_PROJECT_VERSION = 7;
				GENERATE_INFOPLIST_FILE = YES;
				INFOPLIST_KEY_CFBundleDisplayName = PillTracker;
				MARKETING_VERSION = 2.2;
				PRODUCT_BUNDLE_IDENTIFIER = "com.nixutils.Medicine-Date-AlerterUITests";
				PRODUCT_NAME = "$(TARGET_NAME)";
				STRING_CATALOG_GENERATE_SYMBOLS = NO;
				SWIFT_APPROACHABLE_CONCURRENCY = YES;
				SWIFT_EMIT_LOC_STRINGS = NO;
				SWIFT_UPCOMING_FEATURE_MEMBER_IMPORT_VISIBILITY = YES;
				SWIFT_VERSION = 5.0;
				TARGETED_DEVICE_FAMILY = "1,2";
				TEST_TARGET_NAME = "Medicine Date Alerter";
			};
			name = Debug;
		};
		151713882FBCA61E000CEFA5 /* Release */ = {
			isa = XCBuildConfiguration;
			buildSettings = {
				"CODE_SIGN_IDENTITY[sdk=macosx*]" = "-";
				CODE_SIGN_STYLE = Automatic;
				CURRENT_PROJECT_VERSION = 7;
				GENERATE_INFOPLIST_FILE = YES;
				INFOPLIST_KEY_CFBundleDisplayName = PillTracker;
				MARKETING_VERSION = 2.2;
				PRODUCT_BUNDLE_IDENTIFIER = "com.nixutils.Medicine-Date-AlerterUITests";
				PRODUCT_NAME = "$(TARGET_NAME)";
				STRING_CATALOG_GENERATE_SYMBOLS = NO;
				SWIFT_APPROACHABLE_CONCURRENCY = YES;
				SWIFT_EMIT_LOC_STRINGS = NO;
				SWIFT_UPCOMING_FEATURE_MEMBER_IMPORT_VISIBILITY = YES;
				SWIFT_VERSION = 5.0;
				TARGETED_DEVICE_FAMILY = "1,2";
				TEST_TARGET_NAME = "Medicine Date Alerter";
			};
			name = Release;
		};
/* End XCBuildConfiguration section */

/* Begin XCConfigurationList section */
		1517135A2FBCA61C000CEFA5 /* Build configuration list for PBXProject "Medicine Date Alerter" */ = {
			isa = XCConfigurationList;
			buildConfigurations = (
				1517137E2FBCA61E000CEFA5 /* Debug */,
				1517137F2FBCA61E000CEFA5 /* Release */,
			);
			defaultConfigurationIsVisible = 0;
			defaultConfigurationName = Release;
		};
		151713802FBCA61E000CEFA5 /* Build configuration list for PBXNativeTarget "Medicine Date Alerter" */ = {
			isa = XCConfigurationList;
			buildConfigurations = (
				151713812FBCA61E000CEFA5 /* Debug */,
				151713822FBCA61E000CEFA5 /* Release */,
			);
			defaultConfigurationIsVisible = 0;
			defaultConfigurationName = Release;
		};
		151713832FBCA61E000CEFA5 /* Build configuration list for PBXNativeTarget "Medicine Date AlerterTests" */ = {
			isa = XCConfigurationList;
			buildConfigurations = (
				151713842FBCA61E000CEFA5 /* Debug */,
				151713852FBCA61E000CEFA5 /* Release */,
			);
			defaultConfigurationIsVisible = 0;
			defaultConfigurationName = Release;
		};
		151713862FBCA61E000CEFA5 /* Build configuration list for PBXNativeTarget "Medicine Date AlerterUITests" */ = {
			isa = XCConfigurationList;
			buildConfigurations = (
				151713872FBCA61E000CEFA5 /* Debug */,
				151713882FBCA61E000CEFA5 /* Release */,
			);
			defaultConfigurationIsVisible = 0;
			defaultConfigurationName = Release;
		};
/* End XCConfigurationList section */
	};
	rootObject = 151713572FBCA61C000CEFA5 /* Project object */;
}
